github.com/extrame/ole2 v0.0.0-20160812065207-d69429661ad7 h1:n+nk0bNe2+gVbRI8WRbLFVwwcBQ0rr5p+gzkKb6ol8c=
github.com/extrame/ole2 v0.0.0-20160812065207-d69429661ad7/go.mod h1:GPpMrAfHdb8IdQ1/R2uIRBsNfnPnwsYE9YYI5WyY1zw=
github.com/extrame/xls v0.0.1 h1:jI7L/o3z73TyyENPopsLS/Jlekm3nF1a/kF5hKBvy/k=
github.com/extrame/xls v0.0.1/go.mod h1:iACcgahst7BboCpIMSpnFs4SKyU9ZjsvZBfNbUxZOJI=
github.com/frankban/quicktest v1.5.0/go.mod h1:jaStnuzAqU1AJdCO0l53JDCJrVDKcS03DbaAcR7Ks/o=
github.com/goodsign/monday v0.0.0-20190708072354-9bcb46af8546 h1:G9dgGvhJDZptwUwQbjJsJGiD4fWnHZil/i40Koj7toI=
github.com/goodsign/monday v0.0.0-20190708072354-9bcb46af8546/go.mod h1:u85tpSNZDCgHeHt42TxSKGXsjpz+bhxvRbSkLpewiaA=
github.com/google/go-cmp v0.3.1/go.mod h1:8QqcDgzrUqlUb/G2PQTWiueGozuR1884gddMywk6iLU=
github.com/kr/pretty v0.1.0/go.mod h1:dAy3ld7l9f0ibDNOQOHHMYYIIbhfbHSm3C4ZsoJORNo=
github.com/kr/pty v1.1.1/go.mod h1:pFQYn66WHrOpPYNljwOMqo10TkYh1fy3cYio2l3bCsQ=
github.com/kr/text v0.1.0/go.mod h1:4Jbv+DJW3UT/LiOwJeYQe1efqtUx/iVham/4vfdArNI=
github.com/tealeg/xlsx v1.0.5 h1:+f8oFmvY8Gw1iUXzPk+kz+4GpbDZPK1FhPiQRd+ypgE=
github.com/tealeg/xlsx v1.0.5/go.mod h1:btRS8dz54TDnvKNosuAqxrM1QgN1udgk9O34bDCnORM=
github.com/tealeg/xlsx v1.0.6-0.20191030050100-626b0bf6d25f h1:TM4/aBha8gsMeaGvYlSZ7tQthNNRpvip0cTY0eciTXk=
github.com/tealeg/xlsx v1.0.6-0.20191030050100-626b0bf6d25f/go.mod h1:WzjcmxdSaeic0qfcO3zcbpr8ZxezhzcC/Lc4QNzx16w=
github.com/zserge/webview v0.0.0-20191103184548-1a9ebffc2601 h1:64QY2+QvOmOMbcCU3cyn7T+4Af0RehxMfedEwarpV1Y=
github.com/zserge/webview v0.0.0-20191103184548-1a9ebffc2601/go.mod h1:a1CV8KR4Dd1eP2g+mEijGOp+HKczwdKHWyx0aPHKvo4=
gopkg.in/check.v1 v1.0.0-20190902080502-41f04d3bba15/go.mod h1:Co6ibVJAznAaIkqp8huTwlJQCZ016jof/cbN4VW5Yz0=
